// !$*UTF8*$!
{
	archiveVersion = 1;
	classes = {
	};
	objectVersion = 46;
	objects = {

/* Begin PBXBuildFile section */
		BE189E6C18F784CC00E82E86 /* RDSpriteNode.m in Sources */ = {isa = PBXBuildFile; fileRef = BE189E6B18F784CC00E82E86 /* RDSpriteNode.m */; };
		BE4818ED18F56628007CE091 /* blade_to_left@2x.png in Resources */ = {isa = PBXBuildFile; fileRef = BE4818E818F56628007CE091 /* blade_to_left@2x.png */; };
		BE4818EE18F56628007CE091 /* blade_to_right@2x.png in Resources */ = {isa = PBXBuildFile; fileRef = BE4818E918F56628007CE091 /* blade_to_right@2x.png */; };
		BE4818EF18F56628007CE091 /* logo@2x.png in Resources */ = {isa = PBXBuildFile; fileRef = BE4818EA18F56628007CE091 /* logo@2x.png */; };
		BE4818F018F56628007CE091 /* more_game@2x.png in Resources */ = {isa = PBXBuildFile; fileRef = BE4818EB18F56628007CE091 /* more_game@2x.png */; };
		BE4818F118F56628007CE091 /* play_hand@2x.png in Resources */ = {isa = PBXBuildFile; fileRef = BE4818EC18F56628007CE091 /* play_hand@2x.png */; };
		BE4818F918F566AB007CE091 /* facebook@2x.png in Resources */ = {isa = PBXBuildFile; fileRef = BE4818F418F566AB007CE091 /* facebook@2x.png */; };
		BE4818FA18F566AB007CE091 /* no_btn@2x.png in Resources */ = {isa = PBXBuildFile; fileRef = BE4818F518F566AB007CE091 /* no_btn@2x.png */; };
		BE4818FB18F566AB007CE091 /* scroll_gear@2x.png in Resources */ = {isa = PBXBuildFile; fileRef = BE4818F618F566AB007CE091 /* scroll_gear@2x.png */; };
		BE4818FC18F566AB007CE091 /* setting@2x.png in Resources */ = {isa = PBXBuildFile; fileRef = BE4818F718F566AB007CE091 /* setting@2x.png */; };
		BE4818FD18F566AB007CE091 /* yes_btn@2x.png in Resources */ = {isa = PBXBuildFile; fileRef = BE4818F818F566AB007CE091 /* yes_btn@2x.png */; };
		BE48190118F566B5007CE091 /* eyeball@2x.png in Resources */ = {isa = PBXBuildFile; fileRef = BE4818FE18F566B5007CE091 /* eyeball@2x.png */; };
		BE48190218F566B5007CE091 /* rock_panel@2x.png in Resources */ = {isa = PBXBuildFile; fileRef = BE4818FF18F566B5007CE091 /* rock_panel@2x.png */; };
		BE48190318F566B5007CE091 /* white_halo@2x.png in Resources */ = {isa = PBXBuildFile; fileRef = BE48190018F566B5007CE091 /* white_halo@2x.png */; };
		BE48190618F56DB7007CE091 /* SpriteDef.cpp in Sources */ = {isa = PBXBuildFile; fileRef = BE48190418F56DB7007CE091 /* SpriteDef.cpp */; };
		BE48190918F56DD2007CE091 /* GlobalDef.cpp in Sources */ = {isa = PBXBuildFile; fileRef = BE48190718F56DD2007CE091 /* GlobalDef.cpp */; };
		BE54B0B518F6DA4E005D5EF5 /* RDSettingPanel.m in Sources */ = {isa = PBXBuildFile; fileRef = BE54B0B418F6DA4E005D5EF5 /* RDSettingPanel.m */; };
		BEEACDF718F5149A0011D7C6 /* RDHomeScene.m in Sources */ = {isa = PBXBuildFile; fileRef = BEEACDF618F5149A0011D7C6 /* RDHomeScene.m */; };
		BEF0F3B418F3F4210056806B /* Foundation.framework in Frameworks */ = {isa = PBXBuildFile; fileRef = BEF0F3B318F3F4210056806B /* Foundation.framework */; };
		BEF0F3B618F3F4210056806B /* CoreGraphics.framework in Frameworks */ = {isa = PBXBuildFile; fileRef = BEF0F3B518F3F4210056806B /* CoreGraphics.framework */; };
		BEF0F3B818F3F4210056806B /* UIKit.framework in Frameworks */ = {isa = PBXBuildFile; fileRef = BEF0F3B718F3F4210056806B /* UIKit.framework */; };
		BEF0F3BA18F3F4210056806B /* SpriteKit.framework in Frameworks */ = {isa = PBXBuildFile; fileRef = BEF0F3B918F3F4210056806B /* SpriteKit.framework */; };
		BEF0F3C018F3F4210056806B /* InfoPlist.strings in Resources */ = {isa = PBXBuildFile; fileRef = BEF0F3BE18F3F4210056806B /* InfoPlist.strings */; };
		BEF0F3C218F3F4210056806B /* main.m in Sources */ = {isa = PBXBuildFile; fileRef = BEF0F3C118F3F4210056806B /* main.m */; };
		BEF0F3C618F3F4210056806B /* RDAppDelegate.m in Sources */ = {isa = PBXBuildFile; fileRef = BEF0F3C518F3F4210056806B /* RDAppDelegate.m */; };
		BEF0F3C918F3F4210056806B /* Main.storyboard in Resources */ = {isa = PBXBuildFile; fileRef = BEF0F3C718F3F4210056806B /* Main.storyboard */; };
		BEF0F3CC18F3F4210056806B /* RDViewController.m in Sources */ = {isa = PBXBuildFile; fileRef = BEF0F3CB18F3F4210056806B /* RDViewController.m */; };
		BEF0F3D318F3F4210056806B /* Images.xcassets in Resources */ = {isa = PBXBuildFile; fileRef = BEF0F3D218F3F4210056806B /* Images.xcassets */; };
		BEF0F3DA18F3F4210056806B /* XCTest.framework in Frameworks */ = {isa = PBXBuildFile; fileRef = BEF0F3D918F3F4210056806B /* XCTest.framework */; };
		BEF0F3DB18F3F4220056806B /* Foundation.framework in Frameworks */ = {isa = PBXBuildFile; fileRef = BEF0F3B318F3F4210056806B /* Foundation.framework */; };
		BEF0F3DC18F3F4220056806B /* UIKit.framework in Frameworks */ = {isa = PBXBuildFile; fileRef = BEF0F3B718F3F4210056806B /* UIKit.framework */; };
		BEF0F3E418F3F4220056806B /* InfoPlist.strings in Resources */ = {isa = PBXBuildFile; fileRef = BEF0F3E218F3F4220056806B /* InfoPlist.strings */; };
		BEF0F3E618F3F4220056806B /* RuneDefendersTests.m in Sources */ = {isa = PBXBuildFile; fileRef = BEF0F3E518F3F4220056806B /* RuneDefendersTests.m */; };
/* End PBXBuildFile section */

/* Begin PBXContainerItemProxy section */
		BEF0F3DD18F3F4220056806B /* PBXContainerItemProxy */ = {
			isa = PBXContainerItemProxy;
			containerPortal = BEF0F3A818F3F4210056806B /* Project object */;
			proxyType = 1;
			remoteGlobalIDString = BEF0F3AF18F3F4210056806B;
			remoteInfo = RuneDefenders;
		};
/* End PBXContainerItemProxy section */

/* Begin PBXFileReference section */
		BE189E6A18F784CC00E82E86 /* RDSpriteNode.h */ = {isa = PBXFileReference; fileEncoding = 4; lastKnownFileType = sourcecode.c.h; name = RDSpriteNode.h; path = RuneDefenders/Source/Common/RDSpriteNode.h; sourceTree = SOURCE_ROOT; };
		BE189E6B18F784CC00E82E86 /* RDSpriteNode.m */ = {isa = PBXFileReference; fileEncoding = 4; lastKnownFileType = sourcecode.c.objc; name = RDSpriteNode.m; path = RuneDefenders/Source/Common/RDSpriteNode.m; sourceTree = SOURCE_ROOT; };
		BE4818E818F56628007CE091 /* blade_to_left@2x.png */ = {isa = PBXFileReference; lastKnownFileType = image.png; name = "blade_to_left@2x.png"; path = "Image/tex_bg_1.atlas/blade_to_left@2x.png"; sourceTree = "<group>"; };
		BE4818E918F56628007CE091 /* blade_to_right@2x.png */ = {isa = PBXFileReference; lastKnownFileType = image.png; name = "blade_to_right@2x.png"; path = "Image/tex_bg_1.atlas/blade_to_right@2x.png"; sourceTree = "<group>"; };
		BE4818EA18F56628007CE091 /* logo@2x.png */ = {isa = PBXFileReference; lastKnownFileType = image.png; name = "logo@2x.png"; path = "Image/tex_bg_1.atlas/logo@2x.png"; sourceTree = "<group>"; };
		BE4818EB18F56628007CE091 /* more_game@2x.png */ = {isa = PBXFileReference; lastKnownFileType = image.png; name = "more_game@2x.png"; path = "Image/tex_bg_1.atlas/more_game@2x.png"; sourceTree = "<group>"; };
		BE4818EC18F56628007CE091 /* play_hand@2x.png */ = {isa = PBXFileReference; lastKnownFileType = image.png; name = "play_hand@2x.png"; path = "Image/tex_bg_1.atlas/play_hand@2x.png"; sourceTree = "<group>"; };
		BE4818F418F566AB007CE091 /* facebook@2x.png */ = {isa = PBXFileReference; lastKnownFileType = image.png; name = "facebook@2x.png"; path = "Image/tex_fonts.atlas/facebook@2x.png"; sourceTree = "<group>"; };
		BE4818F518F566AB007CE091 /* no_btn@2x.png */ = {isa = PBXFileReference; lastKnownFileType = image.png; name = "no_btn@2x.png"; path = "Image/tex_fonts.atlas/no_btn@2x.png"; sourceTree = "<group>"; };
		BE4818F618F566AB007CE091 /* scroll_gear@2x.png */ = {isa = PBXFileReference; lastKnownFileType = image.png; name = "scroll_gear@2x.png"; path = "Image/tex_fonts.atlas/scroll_gear@2x.png"; sourceTree = "<group>"; };
		BE4818F718F566AB007CE091 /* setting@2x.png */ = {isa = PBXFileReference; lastKnownFileType = image.png; name = "setting@2x.png"; path = "Image/tex_fonts.atlas/setting@2x.png"; sourceTree = "<group>"; };
		BE4818F818F566AB007CE091 /* yes_btn@2x.png */ = {isa = PBXFileReference; lastKnownFileType = image.png; name = "yes_btn@2x.png"; path = "Image/tex_fonts.atlas/yes_btn@2x.png"; sourceTree = "<group>"; };
		BE4818FE18F566B5007CE091 /* eyeball@2x.png */ = {isa = PBXFileReference; lastKnownFileType = image.png; name = "eyeball@2x.png"; path = "Image/tex_ingame.atlas/eyeball@2x.png"; sourceTree = "<group>"; };
		BE4818FF18F566B5007CE091 /* rock_panel@2x.png */ = {isa = PBXFileReference; lastKnownFileType = image.png; name = "rock_panel@2x.png"; path = "Image/tex_ingame.atlas/rock_panel@2x.png"; sourceTree = "<group>"; };
		BE48190018F566B5007CE091 /* white_halo@2x.png */ = {isa = PBXFileReference; lastKnownFileType = image.png; name = "white_halo@2x.png"; path = "Image/tex_ingame.atlas/white_halo@2x.png"; sourceTree = "<group>"; };
		BE48190418F56DB7007CE091 /* SpriteDef.cpp */ = {isa = PBXFileReference; fileEncoding = 4; lastKnownFileType = sourcecode.cpp.cpp; path = SpriteDef.cpp; sourceTree = "<group>"; };
		BE48190518F56DB7007CE091 /* SpriteDef.h */ = {isa = PBXFileReference; fileEncoding = 4; lastKnownFileType = sourcecode.c.h; path = SpriteDef.h; sourceTree = "<group>"; };
		BE48190718F56DD2007CE091 /* GlobalDef.cpp */ = {isa = PBXFileReference; fileEncoding = 4; lastKnownFileType = sourcecode.cpp.cpp; name = GlobalDef.cpp; path = RuneDefenders/Source/Defines/GlobalDef.cpp; sourceTree = SOURCE_ROOT; };
		BE48190818F56DD2007CE091 /* GlobalDef.h */ = {isa = PBXFileReference; fileEncoding = 4; lastKnownFileType = sourcecode.c.h; name = GlobalDef.h; path = RuneDefenders/Source/Defines/GlobalDef.h; sourceTree = SOURCE_ROOT; };
		BE48190A18F56F46007CE091 /* RDHomeSceneDefs.h */ = {isa = PBXFileReference; lastKnownFileType = sourcecode.c.h; name = RDHomeSceneDefs.h; path = RuneDefenders/Source/Scene/RDHomeSceneDefs.h; sourceTree = SOURCE_ROOT; };
		BE54B0B318F6DA4E005D5EF5 /* RDSettingPanel.h */ = {isa = PBXFileReference; fileEncoding = 4; lastKnownFileType = sourcecode.c.h; name = RDSettingPanel.h; path = RuneDefenders/Source/Scene/RDSettingPanel.h; sourceTree = SOURCE_ROOT; };
		BE54B0B418F6DA4E005D5EF5 /* RDSettingPanel.m */ = {isa = PBXFileReference; fileEncoding = 4; lastKnownFileType = sourcecode.c.objc; name = RDSettingPanel.m; path = RuneDefenders/Source/Scene/RDSettingPanel.m; sourceTree = SOURCE_ROOT; };
		BEEACDF518F5149A0011D7C6 /* RDHomeScene.h */ = {isa = PBXFileReference; fileEncoding = 4; lastKnownFileType = sourcecode.c.h; name = RDHomeScene.h; path = RuneDefenders/Source/Scene/RDHomeScene.h; sourceTree = SOURCE_ROOT; };
		BEEACDF618F5149A0011D7C6 /* RDHomeScene.m */ = {isa = PBXFileReference; fileEncoding = 4; lastKnownFileType = sourcecode.c.objc; name = RDHomeScene.m; path = RuneDefenders/Source/Scene/RDHomeScene.m; sourceTree = SOURCE_ROOT; };
		BEF0F3B018F3F4210056806B /* RuneDefenders.app */ = {isa = PBXFileReference; explicitFileType = wrapper.application; includeInIndex = 0; path = RuneDefenders.app; sourceTree = BUILT_PRODUCTS_DIR; };
		BEF0F3B318F3F4210056806B /* Foundation.framework */ = {isa = PBXFileReference; lastKnownFileType = wrapper.framework; name = Foundation.framework; path = System/Library/Frameworks/Foundation.framework; sourceTree = SDKROOT; };
		BEF0F3B518F3F4210056806B /* CoreGraphics.framework */ = {isa = PBXFileReference; lastKnownFileType = wrapper.framework; name = CoreGraphics.framework; path = System/Library/Frameworks/CoreGraphics.framework; sourceTree = SDKROOT; };
		BEF0F3B718F3F4210056806B /* UIKit.framework */ = {isa = PBXFileReference; lastKnownFileType = wrapper.framework; name = UIKit.framework; path = System/Library/Frameworks/UIKit.framework; sourceTree = SDKROOT; };
		BEF0F3B918F3F4210056806B /* SpriteKit.framework */ = {isa = PBXFileReference; lastKnownFileType = wrapper.framework; name = SpriteKit.framework; path = System/Library/Frameworks/SpriteKit.framework; sourceTree = SDKROOT; };
		BEF0F3BD18F3F4210056806B /* RuneDefenders-Info.plist */ = {isa = PBXFileReference; lastKnownFileType = text.plist.xml; path = "RuneDefenders-Info.plist"; sourceTree = "<group>"; };
		BEF0F3BF18F3F4210056806B /* en */ = {isa = PBXFileReference; lastKnownFileType = text.plist.strings; name = en; path = en.lproj/InfoPlist.strings; sourceTree = "<group>"; };
		BEF0F3C118F3F4210056806B /* main.m */ = {isa = PBXFileReference; lastKnownFileType = sourcecode.c.objc; path = main.m; sourceTree = "<group>"; };
		BEF0F3C318F3F4210056806B /* RuneDefenders-Prefix.pch */ = {isa = PBXFileReference; lastKnownFileType = sourcecode.c.h; path = "RuneDefenders-Prefix.pch"; sourceTree = "<group>"; };
		BEF0F3C418F3F4210056806B /* RDAppDelegate.h */ = {isa = PBXFileReference; lastKnownFileType = sourcecode.c.h; path = RDAppDelegate.h; sourceTree = "<group>"; };
		BEF0F3C518F3F4210056806B /* RDAppDelegate.m */ = {isa = PBXFileReference; lastKnownFileType = sourcecode.c.objc; path = RDAppDelegate.m; sourceTree = "<group>"; };
		BEF0F3C818F3F4210056806B /* Base */ = {isa = PBXFileReference; lastKnownFileType = file.storyboard; name = Base; path = Base.lproj/Main.storyboard; sourceTree = "<group>"; };
		BEF0F3CA18F3F4210056806B /* RDViewController.h */ = {isa = PBXFileReference; lastKnownFileType = sourcecode.c.h; path = RDViewController.h; sourceTree = "<group>"; };
		BEF0F3CB18F3F4210056806B /* RDViewController.m */ = {isa = PBXFileReference; lastKnownFileType = sourcecode.c.objc; path = RDViewController.m; sourceTree = "<group>"; };
		BEF0F3D218F3F4210056806B /* Images.xcassets */ = {isa = PBXFileReference; lastKnownFileType = folder.assetcatalog; path = Images.xcassets; sourceTree = "<group>"; };
		BEF0F3D818F3F4210056806B /* RuneDefendersTests.xctest */ = {isa = PBXFileReference; explicitFileType = wrapper.cfbundle; includeInIndex = 0; path = RuneDefendersTests.xctest; sourceTree = BUILT_PRODUCTS_DIR; };
		BEF0F3D918F3F4210056806B /* XCTest.framework */ = {isa = PBXFileReference; lastKnownFileType = wrapper.framework; name = XCTest.framework; path = Library/Frameworks/XCTest.framework; sourceTree = DEVELOPER_DIR; };
		BEF0F3E118F3F4220056806B /* RuneDefendersTests-Info.plist */ = {isa = PBXFileReference; lastKnownFileType = text.plist.xml; path = "RuneDefendersTests-Info.plist"; sourceTree = "<group>"; };
		BEF0F3E318F3F4220056806B /* en */ = {isa = PBXFileReference; lastKnownFileType = text.plist.strings; name = en; path = en.lproj/InfoPlist.strings; sourceTree = "<group>"; };
		BEF0F3E518F3F4220056806B /* RuneDefendersTests.m */ = {isa = PBXFileReference; lastKnownFileType = sourcecode.c.objc; path = RuneDefendersTests.m; sourceTree = "<group>"; };
/* End PBXFileReference section */

/* Begin PBXFrameworksBuildPhase section */
		BEF0F3AD18F3F4210056806B /* Frameworks */ = {
			isa = PBXFrameworksBuildPhase;
			buildActionMask = 2147483647;
			files = (
				BEF0F3B618F3F4210056806B /* CoreGraphics.framework in Frameworks */,
				BEF0F3B818F3F4210056806B /* UIKit.framework in Frameworks */,
				BEF0F3BA18F3F4210056806B /* SpriteKit.framework in Frameworks */,
				BEF0F3B418F3F4210056806B /* Foundation.framework in Frameworks */,
			);
			runOnlyForDeploymentPostprocessing = 0;
		};
		BEF0F3D518F3F4210056806B /* Frameworks */ = {
			isa = PBXFrameworksBuildPhase;
			buildActionMask = 2147483647;
			files = (
				BEF0F3DA18F3F4210056806B /* XCTest.framework in Frameworks */,
				BEF0F3DC18F3F4220056806B /* UIKit.framework in Frameworks */,
				BEF0F3DB18F3F4220056806B /* Foundation.framework in Frameworks */,
			);
			runOnlyForDeploymentPostprocessing = 0;
		};
/* End PBXFrameworksBuildPhase section */

/* Begin PBXGroup section */
		BE189E6918F784B200E82E86 /* Common */ = {
			isa = PBXGroup;
			children = (
				BE189E6A18F784CC00E82E86 /* RDSpriteNode.h */,
				BE189E6B18F784CC00E82E86 /* RDSpriteNode.m */,
			);
			name = Common;
			sourceTree = "<group>";
		};
		BE4818E718F56619007CE091 /* text_bg_1.atlas */ = {
			isa = PBXGroup;
			children = (
				BE4818E818F56628007CE091 /* blade_to_left@2x.png */,
				BE4818E918F56628007CE091 /* blade_to_right@2x.png */,
				BE4818EA18F56628007CE091 /* logo@2x.png */,
				BE4818EB18F56628007CE091 /* more_game@2x.png */,
				BE4818EC18F56628007CE091 /* play_hand@2x.png */,
			);
			name = text_bg_1.atlas;
			sourceTree = "<group>";
		};
		BE4818F218F5668E007CE091 /* tex_fonts.atlas */ = {
			isa = PBXGroup;
			children = (
				BE4818F418F566AB007CE091 /* facebook@2x.png */,
				BE4818F518F566AB007CE091 /* no_btn@2x.png */,
				BE4818F618F566AB007CE091 /* scroll_gear@2x.png */,
				BE4818F718F566AB007CE091 /* setting@2x.png */,
				BE4818F818F566AB007CE091 /* yes_btn@2x.png */,
			);
			name = tex_fonts.atlas;
			sourceTree = "<group>";
		};
		BE4818F318F56696007CE091 /* tex_ingame.atlas */ = {
			isa = PBXGroup;
			children = (
				BE4818FE18F566B5007CE091 /* eyeball@2x.png */,
				BE4818FF18F566B5007CE091 /* rock_panel@2x.png */,
				BE48190018F566B5007CE091 /* white_halo@2x.png */,
			);
			name = tex_ingame.atlas;
			sourceTree = "<group>";
		};
		BEEACDE318F4E5220011D7C6 /* Source */ = {
			isa = PBXGroup;
			children = (
				BE189E6918F784B200E82E86 /* Common */,
				BEEACDF418F514830011D7C6 /* Scene */,
				BEEACDE418F4F1130011D7C6 /* Defines */,
			);
			name = Source;
			path = source;
			sourceTree = "<group>";
		};
		BEEACDE418F4F1130011D7C6 /* Defines */ = {
			isa = PBXGroup;
			children = (
				BE48190418F56DB7007CE091 /* SpriteDef.cpp */,
				BE48190518F56DB7007CE091 /* SpriteDef.h */,
				BE48190718F56DD2007CE091 /* GlobalDef.cpp */,
				BE48190818F56DD2007CE091 /* GlobalDef.h */,
			);
			name = Defines;
			sourceTree = "<group>";
		};
		BEEACDEC18F511290011D7C6 /* Image */ = {
			isa = PBXGroup;
			children = (
				BE4818E718F56619007CE091 /* text_bg_1.atlas */,
				BE4818F218F5668E007CE091 /* tex_fonts.atlas */,
				BE4818F318F56696007CE091 /* tex_ingame.atlas */,
			);
			name = Image;
			sourceTree = "<group>";
		};
		BEEACDF418F514830011D7C6 /* Scene */ = {
			isa = PBXGroup;
			children = (
				BEEACDF518F5149A0011D7C6 /* RDHomeScene.h */,
				BEEACDF618F5149A0011D7C6 /* RDHomeScene.m */,
				BE48190A18F56F46007CE091 /* RDHomeSceneDefs.h */,
				BE54B0B318F6DA4E005D5EF5 /* RDSettingPanel.h */,
				BE54B0B418F6DA4E005D5EF5 /* RDSettingPanel.m */,
			);
			name = Scene;
			sourceTree = "<group>";
		};
		BEF0F3A718F3F4210056806B = {
			isa = PBXGroup;
			children = (
				BEF0F3BB18F3F4210056806B /* RuneDefenders */,
				BEF0F3DF18F3F4220056806B /* RuneDefendersTests */,
				BEF0F3B218F3F4210056806B /* Frameworks */,
				BEF0F3B118F3F4210056806B /* Products */,
			);
			sourceTree = "<group>";
		};
		BEF0F3B118F3F4210056806B /* Products */ = {
			isa = PBXGroup;
			children = (
				BEF0F3B018F3F4210056806B /* RuneDefenders.app */,
				BEF0F3D818F3F4210056806B /* RuneDefendersTests.xctest */,
			);
			name = Products;
			sourceTree = "<group>";
		};
		BEF0F3B218F3F4210056806B /* Frameworks */ = {
			isa = PBXGroup;
			children = (
				BEF0F3B318F3F4210056806B /* Foundation.framework */,
				BEF0F3B518F3F4210056806B /* CoreGraphics.framework */,
				BEF0F3B718F3F4210056806B /* UIKit.framework */,
				BEF0F3B918F3F4210056806B /* SpriteKit.framework */,
				BEF0F3D918F3F4210056806B /* XCTest.framework */,
			);
			name = Frameworks;
			sourceTree = "<group>";
		};
		BEF0F3BB18F3F4210056806B /* RuneDefenders */ = {
			isa = PBXGroup;
			children = (
				BEF0F3C418F3F4210056806B /* RDAppDelegate.h */,
				BEF0F3C518F3F4210056806B /* RDAppDelegate.m */,
				BEF0F3C718F3F4210056806B /* Main.storyboard */,
				BEF0F3CA18F3F4210056806B /* RDViewController.h */,
				BEF0F3CB18F3F4210056806B /* RDViewController.m */,
				BEF0F3D218F3F4210056806B /* Images.xcassets */,
				BEEACDE318F4E5220011D7C6 /* Source */,
				BEEACDEC18F511290011D7C6 /* Image */,
				BEF0F3BC18F3F4210056806B /* Supporting Files */,
			);
			path = RuneDefenders;
			sourceTree = "<group>";
		};
		BEF0F3BC18F3F4210056806B /* Supporting Files */ = {
			isa = PBXGroup;
			children = (
				BEF0F3BD18F3F4210056806B /* RuneDefenders-Info.plist */,
				BEF0F3BE18F3F4210056806B /* InfoPlist.strings */,
				BEF0F3C118F3F4210056806B /* main.m */,
				BEF0F3C318F3F4210056806B /* RuneDefenders-Prefix.pch */,
			);
			name = "Supporting Files";
			sourceTree = "<group>";
		};
		BEF0F3DF18F3F4220056806B /* RuneDefendersTests */ = {
			isa = PBXGroup;
			children = (
				BEF0F3E518F3F4220056806B /* RuneDefendersTests.m */,
				BEF0F3E018F3F4220056806B /* Supporting Files */,
			);
			path = RuneDefendersTests;
			sourceTree = "<group>";
		};
		BEF0F3E018F3F4220056806B /* Supporting Files */ = {
			isa = PBXGroup;
			children = (
				BEF0F3E118F3F4220056806B /* RuneDefendersTests-Info.plist */,
				BEF0F3E218F3F4220056806B /* InfoPlist.strings */,
			);
			name = "Supporting Files";
			sourceTree = "<group>";
		};
/* End PBXGroup section */

/* Begin PBXNativeTarget section */
		BEF0F3AF18F3F4210056806B /* RuneDefenders */ = {
			isa = PBXNativeTarget;
			buildConfigurationList = BEF0F3E918F3F4220056806B /* Build configuration list for PBXNativeTarget "RuneDefenders" */;
			buildPhases = (
				BEF0F3AC18F3F4210056806B /* Sources */,
				BEF0F3AD18F3F4210056806B /* Frameworks */,
				BEF0F3AE18F3F4210056806B /* Resources */,
			);
			buildRules = (
			);
			dependencies = (
			);
			name = RuneDefenders;
			productName = RuneDefenders;
			productReference = BEF0F3B018F3F4210056806B /* RuneDefenders.app */;
			productType = "com.apple.product-type.application";
		};
		BEF0F3D718F3F4210056806B /* RuneDefendersTests */ = {
			isa = PBXNativeTarget;
			buildConfigurationList = BEF0F3EC18F3F4220056806B /* Build configuration list for PBXNativeTarget "RuneDefendersTests" */;
			buildPhases = (
				BEF0F3D418F3F4210056806B /* Sources */,
				BEF0F3D518F3F4210056806B /* Frameworks */,
				BEF0F3D618F3F4210056806B /* Resources */,
			);
			buildRules = (
			);
			dependencies = (
				BEF0F3DE18F3F4220056806B /* PBXTargetDependency */,
			);
			name = RuneDefendersTests;
			productName = RuneDefendersTests;
			productReference = BEF0F3D818F3F4210056806B /* RuneDefendersTests.xctest */;
			productType = "com.apple.product-type.bundle.unit-test";
		};
/* End PBXNativeTarget section */

/* Begin PBXProject section */
		BEF0F3A818F3F4210056806B /* Project object */ = {
			isa = PBXProject;
			attributes = {
				CLASSPREFIX = RD;
				LastUpgradeCheck = 0500;
				ORGANIZATIONNAME = TekkaInc;
				TargetAttributes = {
					BEF0F3D718F3F4210056806B = {
						TestTargetID = BEF0F3AF18F3F4210056806B;
					};
				};
			};
			buildConfigurationList = BEF0F3AB18F3F4210056806B /* Build configuration list for PBXProject "RuneDefenders" */;
			compatibilityVersion = "Xcode 3.2";
			developmentRegion = English;
			hasScannedForEncodings = 0;
			knownRegions = (
				en,
				Base,
			);
			mainGroup = BEF0F3A718F3F4210056806B;
			productRefGroup = BEF0F3B118F3F4210056806B /* Products */;
			projectDirPath = "";
			projectRoot = "";
			targets = (
				BEF0F3AF18F3F4210056806B /* RuneDefenders */,
				BEF0F3D718F3F4210056806B /* RuneDefendersTests */,
			);
		};
/* End PBXProject section */

/* Begin PBXResourcesBuildPhase section */
		BEF0F3AE18F3F4210056806B /* Resources */ = {
			isa = PBXResourcesBuildPhase;
			buildActionMask = 2147483647;
			files = (
				BE4818EE18F56628007CE091 /* blade_to_right@2x.png in Resources */,
				BE48190118F566B5007CE091 /* eyeball@2x.png in Resources */,
				BE48190318F566B5007CE091 /* white_halo@2x.png in Resources */,
				BEF0F3C018F3F4210056806B /* InfoPlist.strings in Resources */,
				BE4818F018F56628007CE091 /* more_game@2x.png in Resources */,
				BE4818ED18F56628007CE091 /* blade_to_left@2x.png in Resources */,
				BE4818FB18F566AB007CE091 /* scroll_gear@2x.png in Resources */,
				BE4818FC18F566AB007CE091 /* setting@2x.png in Resources */,
				BE4818F918F566AB007CE091 /* facebook@2x.png in Resources */,
				BEF0F3D318F3F4210056806B /* Images.xcassets in Resources */,
				BE4818FD18F566AB007CE091 /* yes_btn@2x.png in Resources */,
				BE4818FA18F566AB007CE091 /* no_btn@2x.png in Resources */,
				BE4818EF18F56628007CE091 /* logo@2x.png in Resources */,
				BEF0F3C918F3F4210056806B /* Main.storyboard in Resources */,
				BE48190218F566B5007CE091 /* rock_panel@2x.png in Resources */,
				BE4818F118F56628007CE091 /* play_hand@2x.png in Resources */,
			);
			runOnlyForDeploymentPostprocessing = 0;
		};
		BEF0F3D618F3F4210056806B /* Resources */ = {
			isa = PBXResourcesBuildPhase;
			buildActionMask = 2147483647;
			files = (
				BEF0F3E418F3F4220056806B /* InfoPlist.strings in Resources */,
			);
			runOnlyForDeploymentPostprocessing = 0;
		};
/* End PBXResourcesBuildPhase section */

/* Begin PBXSourcesBuildPhase section */
		BEF0F3AC18F3F4210056806B /* Sources */ = {
			isa = PBXSourcesBuildPhase;
			buildActionMask = 2147483647;
			files = (
				BE54B0B518F6DA4E005D5EF5 /* RDSettingPanel.m in Sources */,
				BE48190918F56DD2007CE091 /* GlobalDef.cpp in Sources */,
				BEEACDF718F5149A0011D7C6 /* RDHomeScene.m in Sources */,
				BEF0F3C618F3F4210056806B /* RDAppDelegate.m in Sources */,
				BE189E6C18F784CC00E82E86 /* RDSpriteNode.m in Sources */,
				BE48190618F56DB7007CE091 /* SpriteDef.cpp in Sources */,
				BEF0F3C218F3F4210056806B /* main.m in Sources */,
				BEF0F3CC18F3F4210056806B /* RDViewController.m in Sources */,
			);
			runOnlyForDeploymentPostprocessing = 0;
		};
		BEF0F3D418F3F4210056806B /* Sources */ = {
			isa = PBXSourcesBuildPhase;
			buildActionMask = 2147483647;
			files = (
				BEF0F3E618F3F4220056806B /* RuneDefendersTests.m in Sources */,
			);
			runOnlyForDeploymentPostprocessing = 0;
		};
/* End PBXSourcesBuildPhase section */

/* Begin PBXTargetDependency section */
		BEF0F3DE18F3F4220056806B /* PBXTargetDependency */ = {
			isa = PBXTargetDependency;
			target = BEF0F3AF18F3F4210056806B /* RuneDefenders */;
			targetProxy = BEF0F3DD18F3F4220056806B /* PBXContainerItemProxy */;
		};
/* End PBXTargetDependency section */

/* Begin PBXVariantGroup section */
		BEF0F3BE18F3F4210056806B /* InfoPlist.strings */ = {
			isa = PBXVariantGroup;
			children = (
				BEF0F3BF18F3F4210056806B /* en */,
			);
			name = InfoPlist.strings;
			sourceTree = "<group>";
		};
		BEF0F3C718F3F4210056806B /* Main.storyboard */ = {
			isa = PBXVariantGroup;
			children = (
				BEF0F3C818F3F4210056806B /* Base */,
			);
			name = Main.storyboard;
			sourceTree = "<group>";
		};
		BEF0F3E218F3F4220056806B /* InfoPlist.strings */ = {
			isa = PBXVariantGroup;
			children = (
				BEF0F3E318F3F4220056806B /* en */,
			);
			name = InfoPlist.strings;
			sourceTree = "<group>";
		};
/* End PBXVariantGroup section */

/* Begin XCBuildConfiguration section */
		BEF0F3E718F3F4220056806B /* Debug */ = {
			isa = XCBuildConfiguration;
			buildSettings = {
				ALWAYS_SEARCH_USER_PATHS = NO;
				ARCHS = "$(ARCHS_STANDARD_INCLUDING_64_BIT)";
				CLANG_CXX_LANGUAGE_STANDARD = "gnu++0x";
				CLANG_CXX_LIBRARY = "libc++";
				CLANG_ENABLE_MODULES = YES;
				CLANG_ENABLE_OBJC_ARC = YES;
				CLANG_WARN_BOOL_CONVERSION = YES;
				CLANG_WARN_CONSTANT_CONVERSION = YES;
				CLANG_WARN_DIRECT_OBJC_ISA_USAGE = YES_ERROR;
				CLANG_WARN_EMPTY_BODY = YES;
				CLANG_WARN_ENUM_CONVERSION = YES;
				CLANG_WARN_INT_CONVERSION = YES;
				CLANG_WARN_OBJC_ROOT_CLASS = YES_ERROR;
				CLANG_WARN__DUPLICATE_METHOD_MATCH = YES;
				"CODE_SIGN_IDENTITY[sdk=iphoneos*]" = "iPhone Developer";
				COPY_PHASE_STRIP = NO;
				GCC_C_LANGUAGE_STANDARD = gnu99;
				GCC_DYNAMIC_NO_PIC = NO;
				GCC_OPTIMIZATION_LEVEL = 0;
				GCC_PREPROCESSOR_DEFINITIONS = (
					"DEBUG=1",
					"$(inherited)",
				);
				GCC_SYMBOLS_PRIVATE_EXTERN = NO;
				GCC_WARN_64_TO_32_BIT_CONVERSION = YES;
				GCC_WARN_ABOUT_RETURN_TYPE = YES_ERROR;
				GCC_WARN_UNDECLARED_SELECTOR = YES;
				GCC_WARN_UNINITIALIZED_AUTOS = YES;
				GCC_WARN_UNUSED_FUNCTION = YES;
				GCC_WARN_UNUSED_VARIABLE = YES;
				IPHONEOS_DEPLOYMENT_TARGET = 7.0;
				ONLY_ACTIVE_ARCH = YES;
				SDKROOT = iphoneos;
			};
			name = Debug;
		};
		BEF0F3E818F3F4220056806B /* Release */ = {
			isa = XCBuildConfiguration;
			buildSettings = {
				ALWAYS_SEARCH_USER_PATHS = NO;
				ARCHS = "$(ARCHS_STANDARD_INCLUDING_64_BIT)";
				CLANG_CXX_LANGUAGE_STANDARD = "gnu++0x";
				CLANG_CXX_LIBRARY = "libc++";
				CLANG_ENABLE_MODULES = YES;
				CLANG_ENABLE_OBJC_ARC = YES;
				CLANG_WARN_BOOL_CONVERSION = YES;
				CLANG_WARN_CONSTANT_CONVERSION = YES;
				CLANG_WARN_DIRECT_OBJC_ISA_USAGE = YES_ERROR;
				CLANG_WARN_EMPTY_BODY = YES;
				CLANG_WARN_ENUM_CONVERSION = YES;
				CLANG_WARN_INT_CONVERSION = YES;
				CLANG_WARN_OBJC_ROOT_CLASS = YES_ERROR;
				CLANG_WARN__DUPLICATE_METHOD_MATCH = YES;
				"CODE_SIGN_IDENTITY[sdk=iphoneos*]" = "iPhone Developer";
				COPY_PHASE_STRIP = YES;
				ENABLE_NS_ASSERTIONS = NO;
				GCC_C_LANGUAGE_STANDARD = gnu99;
				GCC_WARN_64_TO_32_BIT_CONVERSION = YES;
				GCC_WARN_ABOUT_RETURN_TYPE = YES_ERROR;
				GCC_WARN_UNDECLARED_SELECTOR = YES;
				GCC_WARN_UNINITIALIZED_AUTOS = YES;
				GCC_WARN_UNUSED_FUNCTION = YES;
				GCC_WARN_UNUSED_VARIABLE = YES;
				IPHONEOS_DEPLOYMENT_TARGET = 7.0;
				SDKROOT = iphoneos;
				VALIDATE_PRODUCT = YES;
			};
			name = Release;
		};
		BEF0F3EA18F3F4220056806B /* Debug */ = {
			isa = XCBuildConfiguration;
			buildSettings = {
				ASSETCATALOG_COMPILER_APPICON_NAME = AppIcon;
				ASSETCATALOG_COMPILER_LAUNCHIMAGE_NAME = LaunchImage;
				GCC_PRECOMPILE_PREFIX_HEADER = YES;
				GCC_PREFIX_HEADER = "RuneDefenders/RuneDefenders-Prefix.pch";
				INFOPLIST_FILE = "RuneDefenders/RuneDefenders-Info.plist";
				IPHONEOS_DEPLOYMENT_TARGET = 7.0;
				PRODUCT_NAME = "$(TARGET_NAME)";
				SPRITEKIT_TEXTURE_ATLAS_OUTPUT = YES;
				TARGETED_DEVICE_FAMILY = 1;
				WRAPPER_EXTENSION = app;
			};
			name = Debug;
		};
		BEF0F3EB18F3F4220056806B /* Release */ = {
			isa = XCBuildConfiguration;
			buildSettings = {
				ASSETCATALOG_COMPILER_APPICON_NAME = AppIcon;
				ASSETCATALOG_COMPILER_LAUNCHIMAGE_NAME = LaunchImage;
				GCC_PRECOMPILE_PREFIX_HEADER = YES;
				GCC_PREFIX_HEADER = "RuneDefenders/RuneDefenders-Prefix.pch";
				INFOPLIST_FILE = "RuneDefenders/RuneDefenders-Info.plist";
				IPHONEOS_DEPLOYMENT_TARGET = 7.0;
				PRODUCT_NAME = "$(TARGET_NAME)";
				SPRITEKIT_TEXTURE_ATLAS_OUTPUT = YES;
				TARGETED_DEVICE_FAMILY = 1;
				WRAPPER_EXTENSION = app;
			};
			name = Release;
		};
		BEF0F3ED18F3F4220056806B /* Debug */ = {
			isa = XCBuildConfiguration;
			buildSettings = {
				ARCHS = "$(ARCHS_STANDARD_INCLUDING_64_BIT)";
				BUNDLE_LOADER = "$(BUILT_PRODUCTS_DIR)/RuneDefenders.app/RuneDefenders";
				FRAMEWORK_SEARCH_PATHS = (
					"$(SDKROOT)/Developer/Library/Frameworks",
					"$(inherited)",
					"$(DEVELOPER_FRAMEWORKS_DIR)",
				);
				GCC_PRECOMPILE_PREFIX_HEADER = YES;
				GCC_PREFIX_HEADER = "RuneDefenders/RuneDefenders-Prefix.pch";
				GCC_PREPROCESSOR_DEFINITIONS = (
					"DEBUG=1",
					"$(inherited)",
				);
				INFOPLIST_FILE = "RuneDefendersTests/RuneDefendersTests-Info.plist";
				PRODUCT_NAME = "$(TARGET_NAME)";
				TEST_HOST = "$(BUNDLE_LOADER)";
				WRAPPER_EXTENSION = xctest;
			};
			name = Debug;
		};
		BEF0F3EE18F3F4220056806B /* Release */ = {
			isa = XCBuildConfiguration;
			buildSettings = {
				ARCHS = "$(ARCHS_STANDARD_INCLUDING_64_BIT)";
				BUNDLE_LOADER = "$(BUILT_PRODUCTS_DIR)/RuneDefenders.app/RuneDefenders";
				FRAMEWORK_SEARCH_PATHS = (
					"$(SDKROOT)/Developer/Library/Frameworks",
					"$(inherited)",
					"$(DEVELOPER_FRAMEWORKS_DIR)",
				);
				GCC_PRECOMPILE_PREFIX_HEADER = YES;
				GCC_PREFIX_HEADER = "RuneDefenders/RuneDefenders-Prefix.pch";
				INFOPLIST_FILE = "RuneDefendersTests/RuneDefendersTests-Info.plist";
				PRODUCT_NAME = "$(TARGET_NAME)";
				TEST_HOST = "$(BUNDLE_LOADER)";
				WRAPPER_EXTENSION = xctest;
			};
			name = Release;
		};
/* End XCBuildConfiguration section */

/* Begin XCConfigurationList section */
		BEF0F3AB18F3F4210056806B /* Build configuration list for PBXProject "RuneDefenders" */ = {
			isa = XCConfigurationList;
			buildConfigurations = (
				BEF0F3E718F3F4220056806B /* Debug */,
				BEF0F3E818F3F4220056806B /* Release */,
			);
			defaultConfigurationIsVisible = 0;
			defaultConfigurationName = Release;
		};
		BEF0F3E918F3F4220056806B /* Build configuration list for PBXNativeTarget "RuneDefenders" */ = {
			isa = XCConfigurationList;
			buildConfigurations = (
				BEF0F3EA18F3F4220056806B /* Debug */,
				BEF0F3EB18F3F4220056806B /* Release */,
			);
			defaultConfigurationIsVisible = 0;
			defaultConfigurationName = Release;
		};
		BEF0F3EC18F3F4220056806B /* Build configuration list for PBXNativeTarget "RuneDefendersTests" */ = {
			isa = XCConfigurationList;
			buildConfigurations = (
				BEF0F3ED18F3F4220056806B /* Debug */,
				BEF0F3EE18F3F4220056806B /* Release */,
			);
			defaultConfigurationIsVisible = 0;
			defaultConfigurationName = Release;
		};
/* End XCConfigurationList section */
	};
	rootObject = BEF0F3A818F3F4210056806B /* Project object */;
}
